
Microsoft Visual Studio Solution File, Format Version 12.00
# Visual Studio Version 16
VisualStudioVersion = 16.0.29728.190
MinimumVisualStudioVersion = 10.0.40219.1
Project("{2150E333-8FDC-42A3-9474-1A3956D46DE8}") = "Solution Items", "Solution Items", "{43196EF9-B75F-4ABB-8967-DAFD621A7D05}"
	ProjectSection(SolutionItems) = preProject
		Portable.BouncyCastle.nuspec = Portable.BouncyCastle.nuspec
		README.md = README.md
	EndProjectSection
EndProject
Project("{9A19103F-16F7-4668-BE54-9A1E7A4F7556}") = "GenerationGost2012", "GenerationGost2012\GenerationGost2012.csproj", "{141C3FDF-1902-438C-BEB5-1F9F61AFC535}"
EndProject
Project("{9A19103F-16F7-4668-BE54-9A1E7A4F7556}") = "crypto.netstandart", "crypto\crypto.netstandart.csproj", "{7B0627AD-0317-46FD-A52F-8B2D6D9C2E7C}"
EndProject
Global
	GlobalSection(SolutionConfigurationPlatforms) = preSolution
		Debug|Any CPU = Debug|Any CPU
		Release|Any CPU = Release|Any CPU
	EndGlobalSection
	GlobalSection(ProjectConfigurationPlatforms) = postSolution
		{141C3FDF-1902-438C-BEB5-1F9F61AFC535}.Debug|Any CPU.ActiveCfg = Debug|Any CPU
		{141C3FDF-1902-438C-BEB5-1F9F61AFC535}.Debug|Any CPU.Build.0 = Debug|Any CPU
		{141C3FDF-1902-438C-BEB5-1F9F61AFC535}.Release|Any CPU.ActiveCfg = Release|Any CPU
		{141C3FDF-1902-438C-BEB5-1F9F61AFC535}.Release|Any CPU.Build.0 = Release|Any CPU
		{7B0627AD-0317-46FD-A52F-8B2D6D9C2E7C}.Debug|Any CPU.ActiveCfg = Debug|Any CPU
		{7B0627AD-0317-46FD-A52F-8B2D6D9C2E7C}.Debug|Any CPU.Build.0 = Debug|Any CPU
		{7B0627AD-0317-46FD-A52F-8B2D6D9C2E7C}.Release|Any CPU.ActiveCfg = Release|Any CPU
		{7B0627AD-0317-46FD-A52F-8B2D6D9C2E7C}.Release|Any CPU.Build.0 = Release|Any CPU
	EndGlobalSection
	GlobalSection(SolutionProperties) = preSolution
		HideSolutionNode = FALSE
	EndGlobalSection
	GlobalSection(ExtensibilityGlobals) = postSolution
		SolutionGuid = {A33040C4-2086-415D-8026-450E498707A8}
	EndGlobalSection
EndGlobal
